
Microsoft Visual Studio Solution File, Format Version 12.00
# Visual Studio Version 17
VisualStudioVersion = 17.5.33627.172
MinimumVisualStudioVersion = 10.0.40219.1
Project("{FAE04EC0-301F-11D3-BF4B-00C04F79EFBC}") = "XRPL.MrMoleService", "MrMoleService\XRPL.MrMoleService.csproj", "{A82858E9-6469-4BE2-80A8-D84A2715F376}"
EndProject
Project("{FAE04EC0-301F-11D3-BF4B-00C04F79EFBC}") = "ConsoleClient.Test", "ConsoleClient.Test\ConsoleClient.Test.csproj", "{844F2EB1-6632-49F4-ADF7-9DB73D7014DC}"
EndProject
Global
	GlobalSection(SolutionConfigurationPlatforms) = preSolution
		Debug|Any CPU = Debug|Any CPU
		Release|Any CPU = Release|Any CPU
	EndGlobalSection
	GlobalSection(ProjectConfigurationPlatforms) = postSolution
		{A82858E9-6469-4BE2-80A8-D84A2715F376}.Debug|Any CPU.ActiveCfg = Debug|Any CPU
		{A82858E9-6469-4BE2-80A8-D84A2715F376}.Debug|Any CPU.Build.0 = Debug|Any CPU
		{A82858E9-6469-4BE2-80A8-D84A2715F376}.Release|Any CPU.ActiveCfg = Release|Any CPU
		{A82858E9-6469-4BE2-80A8-D84A2715F376}.Release|Any CPU.Build.0 = Release|Any CPU
		{844F2EB1-6632-49F4-ADF7-9DB73D7014DC}.Debug|Any CPU.ActiveCfg = Debug|Any CPU
		{844F2EB1-6632-49F4-ADF7-9DB73D7014DC}.Debug|Any CPU.Build.0 = Debug|Any CPU
		{844F2EB1-6632-49F4-ADF7-9DB73D7014DC}.Release|Any CPU.ActiveCfg = Release|Any CPU
		{844F2EB1-6632-49F4-ADF7-9DB73D7014DC}.Release|Any CPU.Build.0 = Release|Any CPU
	EndGlobalSection
	GlobalSection(SolutionProperties) = preSolution
		HideSolutionNode = FALSE
	EndGlobalSection
	GlobalSection(ExtensibilityGlobals) = postSolution
		SolutionGuid = {CA2C4078-4108-4EF6-9ADA-C83B21B2695A}
	EndGlobalSection
EndGlobal
